// !$*UTF8*$!
{
	archiveVersion = 1;
	classes = {
	};
	objectVersion = 46;
	objects = {

/* Begin PBXBuildFile section */
		E706875B158DEC1500E1164A /* BKFormSectionObject.m in Sources */ = {isa = PBXBuildFile; fileRef = E706875A158DEC1500E1164A /* BKFormSectionObject.m */; };
		E70F3246151F53EA00654199 /* QuartzCore.framework in Frameworks */ = {isa = PBXBuildFile; fileRef = E70F3245151F53EA00654199 /* QuartzCore.framework */; };
		E72E4390159608810064A898 /* BWSelectViewController.m in Sources */ = {isa = PBXBuildFile; fileRef = E72E438F159608810064A898 /* BWSelectViewController.m */; };
		E75C1D1014FEAC13009DBDCA /* Movie.m in Sources */ = {isa = PBXBuildFile; fileRef = E75C1D0F14FEAC13009DBDCA /* Movie.m */; };
		E75C1D1314FEAC48009DBDCA /* Comment.m in Sources */ = {isa = PBXBuildFile; fileRef = E75C1D1214FEAC48009DBDCA /* Comment.m */; };
		E75C1D1614FEAC4F009DBDCA /* Genre.m in Sources */ = {isa = PBXBuildFile; fileRef = E75C1D1514FEAC4F009DBDCA /* Genre.m */; };
		E772DC0E155E49F3008A15B1 /* BKDeviceAvailability.m in Sources */ = {isa = PBXBuildFile; fileRef = E772DBAF155E49F3008A15B1 /* BKDeviceAvailability.m */; };
		E772DC0F155E49F3008A15B1 /* BKIteratingHelper.m in Sources */ = {isa = PBXBuildFile; fileRef = E772DBB1155E49F3008A15B1 /* BKIteratingHelper.m */; };
		E772DC10155E49F3008A15B1 /* BKOperationHelper.m in Sources */ = {isa = PBXBuildFile; fileRef = E772DBB4155E49F3008A15B1 /* BKOperationHelper.m */; };
		E772DC11155E49F3008A15B1 /* BKRunBlockAtDealloc.m in Sources */ = {isa = PBXBuildFile; fileRef = E772DBB6155E49F3008A15B1 /* BKRunBlockAtDealloc.m */; };
		E772DC12155E49F3008A15B1 /* BKToogleValue.m in Sources */ = {isa = PBXBuildFile; fileRef = E772DBB8155E49F3008A15B1 /* BKToogleValue.m */; };
		E772DC13155E49F3008A15B1 /* BKUtils.m in Sources */ = {isa = PBXBuildFile; fileRef = E772DBBA155E49F3008A15B1 /* BKUtils.m */; };
		E772DC15155E49F3008A15B1 /* NSArray+BaseKit.m in Sources */ = {isa = PBXBuildFile; fileRef = E772DBBD155E49F3008A15B1 /* NSArray+BaseKit.m */; };
		E772DC16155E49F3008A15B1 /* NSDictionary+BaseKit.m in Sources */ = {isa = PBXBuildFile; fileRef = E772DBBF155E49F3008A15B1 /* NSDictionary+BaseKit.m */; };
		E772DC18155E49F3008A15B1 /* NSMutableArray+BaseKit.m in Sources */ = {isa = PBXBuildFile; fileRef = E772DBC3155E49F3008A15B1 /* NSMutableArray+BaseKit.m */; };
		E772DC19155E49F3008A15B1 /* NSMutableDictionary+BaseKit.m in Sources */ = {isa = PBXBuildFile; fileRef = E772DBC5155E49F3008A15B1 /* NSMutableDictionary+BaseKit.m */; };
		E772DC1A155E49F3008A15B1 /* NSOperationQueue+BaseKit.m in Sources */ = {isa = PBXBuildFile; fileRef = E772DBC7155E49F3008A15B1 /* NSOperationQueue+BaseKit.m */; };
		E772DC1B155E49F3008A15B1 /* NSSet+BaseKit.m in Sources */ = {isa = PBXBuildFile; fileRef = E772DBC9155E49F3008A15B1 /* NSSet+BaseKit.m */; };
		E772DC1C155E49F3008A15B1 /* NSString+BaseKit.m in Sources */ = {isa = PBXBuildFile; fileRef = E772DBCB155E49F3008A15B1 /* NSString+BaseKit.m */; };
		E772DC1D155E49F3008A15B1 /* BKBadgeField.m in Sources */ = {isa = PBXBuildFile; fileRef = E772DBCF155E49F3008A15B1 /* BKBadgeField.m */; };
		E772DC1E155E49F3008A15B1 /* BKBigTextField.m in Sources */ = {isa = PBXBuildFile; fileRef = E772DBD1155E49F3008A15B1 /* BKBigTextField.m */; };
		E772DC1F155E49F3008A15B1 /* BKButtonField.m in Sources */ = {isa = PBXBuildFile; fileRef = E772DBD3155E49F3008A15B1 /* BKButtonField.m */; };
		E772DC20155E49F3008A15B1 /* BKFloatField.m in Sources */ = {isa = PBXBuildFile; fileRef = E772DBD5155E49F3008A15B1 /* BKFloatField.m */; };
		E772DC21155E49F3008A15B1 /* BKImageField.m in Sources */ = {isa = PBXBuildFile; fileRef = E772DBD8155E49F3008A15B1 /* BKImageField.m */; };
		E772DC22155E49F3008A15B1 /* BKIntegerField.m in Sources */ = {isa = PBXBuildFile; fileRef = E772DBDA155E49F3008A15B1 /* BKIntegerField.m */; };
		E772DC23155E49F3008A15B1 /* BKLabelField.m in Sources */ = {isa = PBXBuildFile; fileRef = E772DBDC155E49F3008A15B1 /* BKLabelField.m */; };
		E772DC24155E49F3008A15B1 /* BKPasswordTextField.m in Sources */ = {isa = PBXBuildFile; fileRef = E772DBDE155E49F3008A15B1 /* BKPasswordTextField.m */; };
		E772DC25155E49F3008A15B1 /* BKSaveButtonField.m in Sources */ = {isa = PBXBuildFile; fileRef = E772DBE0155E49F3008A15B1 /* BKSaveButtonField.m */; };
		E772DC26155E49F3008A15B1 /* BKSimpleField.m in Sources */ = {isa = PBXBuildFile; fileRef = E772DBE2155E49F3008A15B1 /* BKSimpleField.m */; };
		E772DC27155E49F3008A15B1 /* BKSliderField.m in Sources */ = {isa = PBXBuildFile; fileRef = E772DBE4155E49F3008A15B1 /* BKSliderField.m */; };
		E772DC28155E49F3008A15B1 /* BKSwitchField.m in Sources */ = {isa = PBXBuildFile; fileRef = E772DBE6155E49F3008A15B1 /* BKSwitchField.m */; };
		E772DC29155E49F3008A15B1 /* BKTextField.m in Sources */ = {isa = PBXBuildFile; fileRef = E772DBE8155E49F3008A15B1 /* BKTextField.m */; };
		E772DC2A155E49F3008A15B1 /* BKTextViewField.m in Sources */ = {isa = PBXBuildFile; fileRef = E772DBEA155E49F3008A15B1 /* BKTextViewField.m */; };
		E772DC2B155E49F3008A15B1 /* BKValueViewField.m in Sources */ = {isa = PBXBuildFile; fileRef = E772DBEC155E49F3008A15B1 /* BKValueViewField.m */; };
		E772DC2C155E49F3008A15B1 /* BKFormAttributeMapping.m in Sources */ = {isa = PBXBuildFile; fileRef = E772DBF0155E49F3008A15B1 /* BKFormAttributeMapping.m */; };
		E772DC2D155E49F3008A15B1 /* BKFormMapper.m in Sources */ = {isa = PBXBuildFile; fileRef = E772DBF2155E49F3008A15B1 /* BKFormMapper.m */; };
		E772DC2E155E49F3008A15B1 /* BKFormMapping.m in Sources */ = {isa = PBXBuildFile; fileRef = E772DBF4155E49F3008A15B1 /* BKFormMapping.m */; };
		E772DC2F155E49F3008A15B1 /* BKFormModel.m in Sources */ = {isa = PBXBuildFile; fileRef = E772DBF7155E49F3008A15B1 /* BKFormModel.m */; };
		E772DC30155E49F3008A15B1 /* NSObject+BKFormAttributeMapping.m in Sources */ = {isa = PBXBuildFile; fileRef = E772DBF9155E49F3008A15B1 /* NSObject+BKFormAttributeMapping.m */; };
		E772DC31155E49F3008A15B1 /* deps in Resources */ = {isa = PBXBuildFile; fileRef = E772DBFF155E49F3008A15B1 /* deps */; };
		E772DC32155E49F3008A15B1 /* UIBarButtonItem+BaseKit.m in Sources */ = {isa = PBXBuildFile; fileRef = E772DC01155E49F3008A15B1 /* UIBarButtonItem+BaseKit.m */; };
		E772DC33155E49F3008A15B1 /* UINavigationController+BaseKit.m in Sources */ = {isa = PBXBuildFile; fileRef = E772DC03155E49F3008A15B1 /* UINavigationController+BaseKit.m */; };
		E772DC34155E49F3008A15B1 /* UITableView+BaseKit.m in Sources */ = {isa = PBXBuildFile; fileRef = E772DC05155E49F3008A15B1 /* UITableView+BaseKit.m */; };
		E772DC35155E49F3008A15B1 /* UITableViewCell+BaseKit.m in Sources */ = {isa = PBXBuildFile; fileRef = E772DC07155E49F3008A15B1 /* UITableViewCell+BaseKit.m */; };
		E772DC36155E49F3008A15B1 /* UIView+BaseKit.m in Sources */ = {isa = PBXBuildFile; fileRef = E772DC09155E49F3008A15B1 /* UIView+BaseKit.m */; };
		E772DC37155E49F3008A15B1 /* UIView+Debug.m in Sources */ = {isa = PBXBuildFile; fileRef = E772DC0B155E49F3008A15B1 /* UIView+Debug.m */; };
		E772DC38155E49F3008A15B1 /* UIViewController+BaseKit.m in Sources */ = {isa = PBXBuildFile; fileRef = E772DC0D155E49F3008A15B1 /* UIViewController+BaseKit.m */; };
		E772DC4A155E4A00008A15B1 /* AbstractActionSheetPicker.m in Sources */ = {isa = PBXBuildFile; fileRef = E772DC3B155E4A00008A15B1 /* AbstractActionSheetPicker.m */; settings = {COMPILER_FLAGS = "-fno-objc-arc"; }; };
		E772DC4B155E4A00008A15B1 /* ActionSheetCustomPicker.m in Sources */ = {isa = PBXBuildFile; fileRef = E772DC3D155E4A00008A15B1 /* ActionSheetCustomPicker.m */; settings = {COMPILER_FLAGS = "-fno-objc-arc"; }; };
		E772DC4C155E4A00008A15B1 /* ActionSheetDatePicker.m in Sources */ = {isa = PBXBuildFile; fileRef = E772DC40155E4A00008A15B1 /* ActionSheetDatePicker.m */; settings = {COMPILER_FLAGS = "-fno-objc-arc"; }; };
		E772DC4D155E4A00008A15B1 /* ActionSheetDistancePicker.m in Sources */ = {isa = PBXBuildFile; fileRef = E772DC42155E4A00008A15B1 /* ActionSheetDistancePicker.m */; settings = {COMPILER_FLAGS = "-fno-objc-arc"; }; };
		E772DC4E155E4A00008A15B1 /* ActionSheetStringPicker.m in Sources */ = {isa = PBXBuildFile; fileRef = E772DC44155E4A00008A15B1 /* ActionSheetStringPicker.m */; settings = {COMPILER_FLAGS = "-fno-objc-arc"; }; };
		E772DC4F155E4A00008A15B1 /* DistancePickerView.m in Sources */ = {isa = PBXBuildFile; fileRef = E772DC46155E4A00008A15B1 /* DistancePickerView.m */; settings = {COMPILER_FLAGS = "-fno-objc-arc"; }; };
		E772DC50155E4A00008A15B1 /* BWLongTextViewController.m in Sources */ = {isa = PBXBuildFile; fileRef = E772DC49155E4A00008A15B1 /* BWLongTextViewController.m */; };
		E7BCB78214BE2BEE00A9C715 /* UIKit.framework in Frameworks */ = {isa = PBXBuildFile; fileRef = E7BCB78114BE2BEE00A9C715 /* UIKit.framework */; };
		E7BCB78414BE2BEE00A9C715 /* Foundation.framework in Frameworks */ = {isa = PBXBuildFile; fileRef = E7BCB78314BE2BEE00A9C715 /* Foundation.framework */; };
		E7BCB78614BE2BEE00A9C715 /* CoreGraphics.framework in Frameworks */ = {isa = PBXBuildFile; fileRef = E7BCB78514BE2BEE00A9C715 /* CoreGraphics.framework */; };
		E7BCB78C14BE2BEE00A9C715 /* InfoPlist.strings in Resources */ = {isa = PBXBuildFile; fileRef = E7BCB78A14BE2BEE00A9C715 /* InfoPlist.strings */; };
		E7BCB78E14BE2BEE00A9C715 /* main.m in Sources */ = {isa = PBXBuildFile; fileRef = E7BCB78D14BE2BEE00A9C715 /* main.m */; };
		E7BCB79214BE2BEE00A9C715 /* AppDelegate.m in Sources */ = {isa = PBXBuildFile; fileRef = E7BCB79114BE2BEE00A9C715 /* AppDelegate.m */; };
		E7BCB79A14BE2C1B00A9C715 /* FormTableViewExampleController.m in Sources */ = {isa = PBXBuildFile; fileRef = E7BCB79914BE2C1B00A9C715 /* FormTableViewExampleController.m */; };
/* End PBXBuildFile section */

/* Begin PBXFileReference section */
		E7068759158DEC1500E1164A /* BKFormSectionObject.h */ = {isa = PBXFileReference; fileEncoding = 4; lastKnownFileType = sourcecode.c.h; path = BKFormSectionObject.h; sourceTree = "<group>"; };
		E706875A158DEC1500E1164A /* BKFormSectionObject.m */ = {isa = PBXFileReference; fileEncoding = 4; lastKnownFileType = sourcecode.c.objc; path = BKFormSectionObject.m; sourceTree = "<group>"; };
		E70F3245151F53EA00654199 /* QuartzCore.framework */ = {isa = PBXFileReference; lastKnownFileType = wrapper.framework; name = QuartzCore.framework; path = System/Library/Frameworks/QuartzCore.framework; sourceTree = SDKROOT; };
		E72E438E159608810064A898 /* BWSelectViewController.h */ = {isa = PBXFileReference; fileEncoding = 4; lastKnownFileType = sourcecode.c.h; path = BWSelectViewController.h; sourceTree = "<group>"; };
		E72E438F159608810064A898 /* BWSelectViewController.m */ = {isa = PBXFileReference; fileEncoding = 4; lastKnownFileType = sourcecode.c.objc; path = BWSelectViewController.m; sourceTree = "<group>"; };
		E75C1D0E14FEAC13009DBDCA /* Movie.h */ = {isa = PBXFileReference; fileEncoding = 4; lastKnownFileType = sourcecode.c.h; path = Movie.h; sourceTree = "<group>"; };
		E75C1D0F14FEAC13009DBDCA /* Movie.m */ = {isa = PBXFileReference; fileEncoding = 4; lastKnownFileType = sourcecode.c.objc; path = Movie.m; sourceTree = "<group>"; };
		E75C1D1114FEAC48009DBDCA /* Comment.h */ = {isa = PBXFileReference; fileEncoding = 4; lastKnownFileType = sourcecode.c.h; path = Comment.h; sourceTree = "<group>"; };
		E75C1D1214FEAC48009DBDCA /* Comment.m */ = {isa = PBXFileReference; fileEncoding = 4; lastKnownFileType = sourcecode.c.objc; path = Comment.m; sourceTree = "<group>"; };
		E75C1D1414FEAC4F009DBDCA /* Genre.h */ = {isa = PBXFileReference; fileEncoding = 4; lastKnownFileType = sourcecode.c.h; path = Genre.h; sourceTree = "<group>"; };
		E75C1D1514FEAC4F009DBDCA /* Genre.m */ = {isa = PBXFileReference; fileEncoding = 4; lastKnownFileType = sourcecode.c.objc; path = Genre.m; sourceTree = "<group>"; };
		E772DBAB155E49F3008A15B1 /* BaseKitCore.h */ = {isa = PBXFileReference; fileEncoding = 4; lastKnownFileType = sourcecode.c.h; path = BaseKitCore.h; sourceTree = "<group>"; };
		E772DBAC155E49F3008A15B1 /* BaseKitCoreAdditions.h */ = {isa = PBXFileReference; fileEncoding = 4; lastKnownFileType = sourcecode.c.h; path = BaseKitCoreAdditions.h; sourceTree = "<group>"; };
		E772DBAD155E49F3008A15B1 /* BKBlocks.h */ = {isa = PBXFileReference; fileEncoding = 4; lastKnownFileType = sourcecode.c.h; path = BKBlocks.h; sourceTree = "<group>"; };
		E772DBAE155E49F3008A15B1 /* BKDeviceAvailability.h */ = {isa = PBXFileReference; fileEncoding = 4; lastKnownFileType = sourcecode.c.h; path = BKDeviceAvailability.h; sourceTree = "<group>"; };
		E772DBAF155E49F3008A15B1 /* BKDeviceAvailability.m */ = {isa = PBXFileReference; fileEncoding = 4; lastKnownFileType = sourcecode.c.objc; path = BKDeviceAvailability.m; sourceTree = "<group>"; };
		E772DBB0155E49F3008A15B1 /* BKIteratingHelper.h */ = {isa = PBXFileReference; fileEncoding = 4; lastKnownFileType = sourcecode.c.h; path = BKIteratingHelper.h; sourceTree = "<group>"; };
		E772DBB1155E49F3008A15B1 /* BKIteratingHelper.m */ = {isa = PBXFileReference; fileEncoding = 4; lastKnownFileType = sourcecode.c.objc; path = BKIteratingHelper.m; sourceTree = "<group>"; };
		E772DBB2155E49F3008A15B1 /* BKMacrosDefinitions.h */ = {isa = PBXFileReference; fileEncoding = 4; lastKnownFileType = sourcecode.c.h; path = BKMacrosDefinitions.h; sourceTree = "<group>"; };
		E772DBB3155E49F3008A15B1 /* BKOperationHelper.h */ = {isa = PBXFileReference; fileEncoding = 4; lastKnownFileType = sourcecode.c.h; path = BKOperationHelper.h; sourceTree = "<group>"; };
		E772DBB4155E49F3008A15B1 /* BKOperationHelper.m */ = {isa = PBXFileReference; fileEncoding = 4; lastKnownFileType = sourcecode.c.objc; path = BKOperationHelper.m; sourceTree = "<group>"; };
		E772DBB5155E49F3008A15B1 /* BKRunBlockAtDealloc.h */ = {isa = PBXFileReference; fileEncoding = 4; lastKnownFileType = sourcecode.c.h; path = BKRunBlockAtDealloc.h; sourceTree = "<group>"; };
		E772DBB6155E49F3008A15B1 /* BKRunBlockAtDealloc.m */ = {isa = PBXFileReference; fileEncoding = 4; lastKnownFileType = sourcecode.c.objc; path = BKRunBlockAtDealloc.m; sourceTree = "<group>"; };
		E772DBB7155E49F3008A15B1 /* BKToogleValue.h */ = {isa = PBXFileReference; fileEncoding = 4; lastKnownFileType = sourcecode.c.h; path = BKToogleValue.h; sourceTree = "<group>"; };
		E772DBB8155E49F3008A15B1 /* BKToogleValue.m */ = {isa = PBXFileReference; fileEncoding = 4; lastKnownFileType = sourcecode.c.objc; path = BKToogleValue.m; sourceTree = "<group>"; };
		E772DBB9155E49F3008A15B1 /* BKUtils.h */ = {isa = PBXFileReference; fileEncoding = 4; lastKnownFileType = sourcecode.c.h; path = BKUtils.h; sourceTree = "<group>"; };
		E772DBBA155E49F3008A15B1 /* BKUtils.m */ = {isa = PBXFileReference; fileEncoding = 4; lastKnownFileType = sourcecode.c.objc; path = BKUtils.m; sourceTree = "<group>"; };
		E772DBBC155E49F3008A15B1 /* NSArray+BaseKit.h */ = {isa = PBXFileReference; fileEncoding = 4; lastKnownFileType = sourcecode.c.h; path = "NSArray+BaseKit.h"; sourceTree = "<group>"; };
		E772DBBD155E49F3008A15B1 /* NSArray+BaseKit.m */ = {isa = PBXFileReference; fileEncoding = 4; lastKnownFileType = sourcecode.c.objc; path = "NSArray+BaseKit.m"; sourceTree = "<group>"; };
		E772DBBE155E49F3008A15B1 /* NSDictionary+BaseKit.h */ = {isa = PBXFileReference; fileEncoding = 4; lastKnownFileType = sourcecode.c.h; path = "NSDictionary+BaseKit.h"; sourceTree = "<group>"; };
		E772DBBF155E49F3008A15B1 /* NSDictionary+BaseKit.m */ = {isa = PBXFileReference; fileEncoding = 4; lastKnownFileType = sourcecode.c.objc; path = "NSDictionary+BaseKit.m"; sourceTree = "<group>"; };
		E772DBC2155E49F3008A15B1 /* NSMutableArray+BaseKit.h */ = {isa = PBXFileReference; fileEncoding = 4; lastKnownFileType = sourcecode.c.h; path = "NSMutableArray+BaseKit.h"; sourceTree = "<group>"; };
		E772DBC3155E49F3008A15B1 /* NSMutableArray+BaseKit.m */ = {isa = PBXFileReference; fileEncoding = 4; lastKnownFileType = sourcecode.c.objc; path = "NSMutableArray+BaseKit.m"; sourceTree = "<group>"; };
		E772DBC4155E49F3008A15B1 /* NSMutableDictionary+BaseKit.h */ = {isa = PBXFileReference; fileEncoding = 4; lastKnownFileType = sourcecode.c.h; path = "NSMutableDictionary+BaseKit.h"; sourceTree = "<group>"; };
		E772DBC5155E49F3008A15B1 /* NSMutableDictionary+BaseKit.m */ = {isa = PBXFileReference; fileEncoding = 4; lastKnownFileType = sourcecode.c.objc; path = "NSMutableDictionary+BaseKit.m"; sourceTree = "<group>"; };
		E772DBC6155E49F3008A15B1 /* NSOperationQueue+BaseKit.h */ = {isa = PBXFileReference; fileEncoding = 4; lastKnownFileType = sourcecode.c.h; path = "NSOperationQueue+BaseKit.h"; sourceTree = "<group>"; };
		E772DBC7155E49F3008A15B1 /* NSOperationQueue+BaseKit.m */ = {isa = PBXFileReference; fileEncoding = 4; lastKnownFileType = sourcecode.c.objc; path = "NSOperationQueue+BaseKit.m"; sourceTree = "<group>"; };
		E772DBC8155E49F3008A15B1 /* NSSet+BaseKit.h */ = {isa = PBXFileReference; fileEncoding = 4; lastKnownFileType = sourcecode.c.h; path = "NSSet+BaseKit.h"; sourceTree = "<group>"; };
		E772DBC9155E49F3008A15B1 /* NSSet+BaseKit.m */ = {isa = PBXFileReference; fileEncoding = 4; lastKnownFileType = sourcecode.c.objc; path = "NSSet+BaseKit.m"; sourceTree = "<group>"; };
		E772DBCA155E49F3008A15B1 /* NSString+BaseKit.h */ = {isa = PBXFileReference; fileEncoding = 4; lastKnownFileType = sourcecode.c.h; path = "NSString+BaseKit.h"; sourceTree = "<group>"; };
		E772DBCB155E49F3008A15B1 /* NSString+BaseKit.m */ = {isa = PBXFileReference; fileEncoding = 4; lastKnownFileType = sourcecode.c.objc; path = "NSString+BaseKit.m"; sourceTree = "<group>"; };
		E772DBCD155E49F3008A15B1 /* BaseKitFormField.h */ = {isa = PBXFileReference; fileEncoding = 4; lastKnownFileType = sourcecode.c.h; path = BaseKitFormField.h; sourceTree = "<group>"; };
		E772DBCE155E49F3008A15B1 /* BKBadgeField.h */ = {isa = PBXFileReference; fileEncoding = 4; lastKnownFileType = sourcecode.c.h; path = BKBadgeField.h; sourceTree = "<group>"; };
		E772DBCF155E49F3008A15B1 /* BKBadgeField.m */ = {isa = PBXFileReference; fileEncoding = 4; lastKnownFileType = sourcecode.c.objc; path = BKBadgeField.m; sourceTree = "<group>"; };
		E772DBD0155E49F3008A15B1 /* BKBigTextField.h */ = {isa = PBXFileReference; fileEncoding = 4; lastKnownFileType = sourcecode.c.h; path = BKBigTextField.h; sourceTree = "<group>"; };
		E772DBD1155E49F3008A15B1 /* BKBigTextField.m */ = {isa = PBXFileReference; fileEncoding = 4; lastKnownFileType = sourcecode.c.objc; path = BKBigTextField.m; sourceTree = "<group>"; };
		E772DBD2155E49F3008A15B1 /* BKButtonField.h */ = {isa = PBXFileReference; fileEncoding = 4; lastKnownFileType = sourcecode.c.h; path = BKButtonField.h; sourceTree = "<group>"; };
		E772DBD3155E49F3008A15B1 /* BKButtonField.m */ = {isa = PBXFileReference; fileEncoding = 4; lastKnownFileType = sourcecode.c.objc; path = BKButtonField.m; sourceTree = "<group>"; };
		E772DBD4155E49F3008A15B1 /* BKFloatField.h */ = {isa = PBXFileReference; fileEncoding = 4; lastKnownFileType = sourcecode.c.h; path = BKFloatField.h; sourceTree = "<group>"; };
		E772DBD5155E49F3008A15B1 /* BKFloatField.m */ = {isa = PBXFileReference; fileEncoding = 4; lastKnownFileType = sourcecode.c.objc; path = BKFloatField.m; sourceTree = "<group>"; };
		E772DBD6155E49F3008A15B1 /* BKFormFieldBlocks.h */ = {isa = PBXFileReference; fileEncoding = 4; lastKnownFileType = sourcecode.c.h; path = BKFormFieldBlocks.h; sourceTree = "<group>"; };
		E772DBD7155E49F3008A15B1 /* BKImageField.h */ = {isa = PBXFileReference; fileEncoding = 4; lastKnownFileType = sourcecode.c.h; path = BKImageField.h; sourceTree = "<group>"; };
		E772DBD8155E49F3008A15B1 /* BKImageField.m */ = {isa = PBXFileReference; fileEncoding = 4; lastKnownFileType = sourcecode.c.objc; path = BKImageField.m; sourceTree = "<group>"; };
		E772DBD9155E49F3008A15B1 /* BKIntegerField.h */ = {isa = PBXFileReference; fileEncoding = 4; lastKnownFileType = sourcecode.c.h; path = BKIntegerField.h; sourceTree = "<group>"; };
		E772DBDA155E49F3008A15B1 /* BKIntegerField.m */ = {isa = PBXFileReference; fileEncoding = 4; lastKnownFileType = sourcecode.c.objc; path = BKIntegerField.m; sourceTree = "<group>"; };
		E772DBDB155E49F3008A15B1 /* BKLabelField.h */ = {isa = PBXFileReference; fileEncoding = 4; lastKnownFileType = sourcecode.c.h; path = BKLabelField.h; sourceTree = "<group>"; };
		E772DBDC155E49F3008A15B1 /* BKLabelField.m */ = {isa = PBXFileReference; fileEncoding = 4; lastKnownFileType = sourcecode.c.objc; path = BKLabelField.m; sourceTree = "<group>"; };
		E772DBDD155E49F3008A15B1 /* BKPasswordTextField.h */ = {isa = PBXFileReference; fileEncoding = 4; lastKnownFileType = sourcecode.c.h; path = BKPasswordTextField.h; sourceTree = "<group>"; };
		E772DBDE155E49F3008A15B1 /* BKPasswordTextField.m */ = {isa = PBXFileReference; fileEncoding = 4; lastKnownFileType = sourcecode.c.objc; path = BKPasswordTextField.m; sourceTree = "<group>"; };
		E772DBDF155E49F3008A15B1 /* BKSaveButtonField.h */ = {isa = PBXFileReference; fileEncoding = 4; lastKnownFileType = sourcecode.c.h; path = BKSaveButtonField.h; sourceTree = "<group>"; };
		E772DBE0155E49F3008A15B1 /* BKSaveButtonField.m */ = {isa = PBXFileReference; fileEncoding = 4; lastKnownFileType = sourcecode.c.objc; path = BKSaveButtonField.m; sourceTree = "<group>"; };
		E772DBE1155E49F3008A15B1 /* BKSimpleField.h */ = {isa = PBXFileReference; fileEncoding = 4; lastKnownFileType = sourcecode.c.h; path = BKSimpleField.h; sourceTree = "<group>"; };
		E772DBE2155E49F3008A15B1 /* BKSimpleField.m */ = {isa = PBXFileReference; fileEncoding = 4; lastKnownFileType = sourcecode.c.objc; path = BKSimpleField.m; sourceTree = "<group>"; };
		E772DBE3155E49F3008A15B1 /* BKSliderField.h */ = {isa = PBXFileReference; fileEncoding = 4; lastKnownFileType = sourcecode.c.h; path = BKSliderField.h; sourceTree = "<group>"; };
		E772DBE4155E49F3008A15B1 /* BKSliderField.m */ = {isa = PBXFileReference; fileEncoding = 4; lastKnownFileType = sourcecode.c.objc; path = BKSliderField.m; sourceTree = "<group>"; };
		E772DBE5155E49F3008A15B1 /* BKSwitchField.h */ = {isa = PBXFileReference; fileEncoding = 4; lastKnownFileType = sourcecode.c.h; path = BKSwitchField.h; sourceTree = "<group>"; };
		E772DBE6155E49F3008A15B1 /* BKSwitchField.m */ = {isa = PBXFileReference; fileEncoding = 4; lastKnownFileType = sourcecode.c.objc; path = BKSwitchField.m; sourceTree = "<group>"; };
		E772DBE7155E49F3008A15B1 /* BKTextField.h */ = {isa = PBXFileReference; fileEncoding = 4; lastKnownFileType = sourcecode.c.h; path = BKTextField.h; sourceTree = "<group>"; };
		E772DBE8155E49F3008A15B1 /* BKTextField.m */ = {isa = PBXFileReference; fileEncoding = 4; lastKnownFileType = sourcecode.c.objc; path = BKTextField.m; sourceTree = "<group>"; };
		E772DBE9155E49F3008A15B1 /* BKTextViewField.h */ = {isa = PBXFileReference; fileEncoding = 4; lastKnownFileType = sourcecode.c.h; path = BKTextViewField.h; sourceTree = "<group>"; };
		E772DBEA155E49F3008A15B1 /* BKTextViewField.m */ = {isa = PBXFileReference; fileEncoding = 4; lastKnownFileType = sourcecode.c.objc; path = BKTextViewField.m; sourceTree = "<group>"; };
		E772DBEB155E49F3008A15B1 /* BKValueViewField.h */ = {isa = PBXFileReference; fileEncoding = 4; lastKnownFileType = sourcecode.c.h; path = BKValueViewField.h; sourceTree = "<group>"; };
		E772DBEC155E49F3008A15B1 /* BKValueViewField.m */ = {isa = PBXFileReference; fileEncoding = 4; lastKnownFileType = sourcecode.c.objc; path = BKValueViewField.m; sourceTree = "<group>"; };
		E772DBEE155E49F3008A15B1 /* BaseKitFormModel.h */ = {isa = PBXFileReference; fileEncoding = 4; lastKnownFileType = sourcecode.c.h; path = BaseKitFormModel.h; sourceTree = "<group>"; };
		E772DBEF155E49F3008A15B1 /* BKFormAttributeMapping.h */ = {isa = PBXFileReference; fileEncoding = 4; lastKnownFileType = sourcecode.c.h; path = BKFormAttributeMapping.h; sourceTree = "<group>"; };
		E772DBF0155E49F3008A15B1 /* BKFormAttributeMapping.m */ = {isa = PBXFileReference; fileEncoding = 4; lastKnownFileType = sourcecode.c.objc; path = BKFormAttributeMapping.m; sourceTree = "<group>"; };
		E772DBF1155E49F3008A15B1 /* BKFormMapper.h */ = {isa = PBXFileReference; fileEncoding = 4; lastKnownFileType = sourcecode.c.h; path = BKFormMapper.h; sourceTree = "<group>"; };
		E772DBF2155E49F3008A15B1 /* BKFormMapper.m */ = {isa = PBXFileReference; fileEncoding = 4; lastKnownFileType = sourcecode.c.objc; path = BKFormMapper.m; sourceTree = "<group>"; };
		E772DBF3155E49F3008A15B1 /* BKFormMapping.h */ = {isa = PBXFileReference; fileEncoding = 4; lastKnownFileType = sourcecode.c.h; path = BKFormMapping.h; sourceTree = "<group>"; };
		E772DBF4155E49F3008A15B1 /* BKFormMapping.m */ = {isa = PBXFileReference; fileEncoding = 4; lastKnownFileType = sourcecode.c.objc; path = BKFormMapping.m; sourceTree = "<group>"; };
		E772DBF5155E49F3008A15B1 /* BKFormMappingBlocks.h */ = {isa = PBXFileReference; fileEncoding = 4; lastKnownFileType = sourcecode.c.h; path = BKFormMappingBlocks.h; sourceTree = "<group>"; };
		E772DBF6155E49F3008A15B1 /* BKFormModel.h */ = {isa = PBXFileReference; fileEncoding = 4; lastKnownFileType = sourcecode.c.h; path = BKFormModel.h; sourceTree = "<group>"; };
		E772DBF7155E49F3008A15B1 /* BKFormModel.m */ = {isa = PBXFileReference; fileEncoding = 4; lastKnownFileType = sourcecode.c.objc; path = BKFormModel.m; sourceTree = "<group>"; };
		E772DBF8155E49F3008A15B1 /* NSObject+BKFormAttributeMapping.h */ = {isa = PBXFileReference; fileEncoding = 4; lastKnownFileType = sourcecode.c.h; path = "NSObject+BKFormAttributeMapping.h"; sourceTree = "<group>"; };
		E772DBF9155E49F3008A15B1 /* NSObject+BKFormAttributeMapping.m */ = {isa = PBXFileReference; fileEncoding = 4; lastKnownFileType = sourcecode.c.objc; path = "NSObject+BKFormAttributeMapping.m"; sourceTree = "<group>"; };
		E772DBFB155E49F3008A15B1 /* BaseKitView.h */ = {isa = PBXFileReference; fileEncoding = 4; lastKnownFileType = sourcecode.c.h; path = BaseKitView.h; sourceTree = "<group>"; };
		E772DBFC155E49F3008A15B1 /* BaseKitViewAdditions.h */ = {isa = PBXFileReference; fileEncoding = 4; lastKnownFileType = sourcecode.c.h; path = BaseKitViewAdditions.h; sourceTree = "<group>"; };
		E772DBFD155E49F3008A15B1 /* BKViewBlocks.h */ = {isa = PBXFileReference; fileEncoding = 4; lastKnownFileType = sourcecode.c.h; path = BKViewBlocks.h; sourceTree = "<group>"; };
		E772DBFE155E49F3008A15B1 /* BKViewControllerDelegate.h */ = {isa = PBXFileReference; fileEncoding = 4; lastKnownFileType = sourcecode.c.h; path = BKViewControllerDelegate.h; sourceTree = "<group>"; };
		E772DBFF155E49F3008A15B1 /* deps */ = {isa = PBXFileReference; fileEncoding = 4; lastKnownFileType = text; path = deps; sourceTree = "<group>"; };
		E772DC00155E49F3008A15B1 /* UIBarButtonItem+BaseKit.h */ = {isa = PBXFileReference; fileEncoding = 4; lastKnownFileType = sourcecode.c.h; path = "UIBarButtonItem+BaseKit.h"; sourceTree = "<group>"; };
		E772DC01155E49F3008A15B1 /* UIBarButtonItem+BaseKit.m */ = {isa = PBXFileReference; fileEncoding = 4; lastKnownFileType = sourcecode.c.objc; path = "UIBarButtonItem+BaseKit.m"; sourceTree = "<group>"; };
		E772DC02155E49F3008A15B1 /* UINavigationController+BaseKit.h */ = {isa = PBXFileReference; fileEncoding = 4; lastKnownFileType = sourcecode.c.h; path = "UINavigationController+BaseKit.h"; sourceTree = "<group>"; };
		E772DC03155E49F3008A15B1 /* UINavigationController+BaseKit.m */ = {isa = PBXFileReference; fileEncoding = 4; lastKnownFileType = sourcecode.c.objc; path = "UINavigationController+BaseKit.m"; sourceTree = "<group>"; };
		E772DC04155E49F3008A15B1 /* UITableView+BaseKit.h */ = {isa = PBXFileReference; fileEncoding = 4; lastKnownFileType = sourcecode.c.h; path = "UITableView+BaseKit.h"; sourceTree = "<group>"; };
		E772DC05155E49F3008A15B1 /* UITableView+BaseKit.m */ = {isa = PBXFileReference; fileEncoding = 4; lastKnownFileType = sourcecode.c.objc; path = "UITableView+BaseKit.m"; sourceTree = "<group>"; };
		E772DC06155E49F3008A15B1 /* UITableViewCell+BaseKit.h */ = {isa = PBXFileReference; fileEncoding = 4; lastKnownFileType = sourcecode.c.h; path = "UITableViewCell+BaseKit.h"; sourceTree = "<group>"; };
		E772DC07155E49F3008A15B1 /* UITableViewCell+BaseKit.m */ = {isa = PBXFileReference; fileEncoding = 4; lastKnownFileType = sourcecode.c.objc; path = "UITableViewCell+BaseKit.m"; sourceTree = "<group>"; };
		E772DC08155E49F3008A15B1 /* UIView+BaseKit.h */ = {isa = PBXFileReference; fileEncoding = 4; lastKnownFileType = sourcecode.c.h; path = "UIView+BaseKit.h"; sourceTree = "<group>"; };
		E772DC09155E49F3008A15B1 /* UIView+BaseKit.m */ = {isa = PBXFileReference; fileEncoding = 4; lastKnownFileType = sourcecode.c.objc; path = "UIView+BaseKit.m"; sourceTree = "<group>"; };
		E772DC0A155E49F3008A15B1 /* UIView+Debug.h */ = {isa = PBXFileReference; fileEncoding = 4; lastKnownFileType = sourcecode.c.h; path = "UIView+Debug.h"; sourceTree = "<group>"; };
		E772DC0B155E49F3008A15B1 /* UIView+Debug.m */ = {isa = PBXFileReference; fileEncoding = 4; lastKnownFileType = sourcecode.c.objc; path = "UIView+Debug.m"; sourceTree = "<group>"; };
		E772DC0C155E49F3008A15B1 /* UIViewController+BaseKit.h */ = {isa = PBXFileReference; fileEncoding = 4; lastKnownFileType = sourcecode.c.h; path = "UIViewController+BaseKit.h"; sourceTree = "<group>"; };
		E772DC0D155E49F3008A15B1 /* UIViewController+BaseKit.m */ = {isa = PBXFileReference; fileEncoding = 4; lastKnownFileType = sourcecode.c.objc; path = "UIViewController+BaseKit.m"; sourceTree = "<group>"; };
		E772DC3A155E4A00008A15B1 /* AbstractActionSheetPicker.h */ = {isa = PBXFileReference; fileEncoding = 4; lastKnownFileType = sourcecode.c.h; path = AbstractActionSheetPicker.h; sourceTree = "<group>"; };
		E772DC3B155E4A00008A15B1 /* AbstractActionSheetPicker.m */ = {isa = PBXFileReference; fileEncoding = 4; lastKnownFileType = sourcecode.c.objc; path = AbstractActionSheetPicker.m; sourceTree = "<group>"; };
		E772DC3C155E4A00008A15B1 /* ActionSheetCustomPicker.h */ = {isa = PBXFileReference; fileEncoding = 4; lastKnownFileType = sourcecode.c.h; path = ActionSheetCustomPicker.h; sourceTree = "<group>"; };
		E772DC3D155E4A00008A15B1 /* ActionSheetCustomPicker.m */ = {isa = PBXFileReference; fileEncoding = 4; lastKnownFileType = sourcecode.c.objc; path = ActionSheetCustomPicker.m; sourceTree = "<group>"; };
		E772DC3E155E4A00008A15B1 /* ActionSheetCustomPickerDelegate.h */ = {isa = PBXFileReference; fileEncoding = 4; lastKnownFileType = sourcecode.c.h; path = ActionSheetCustomPickerDelegate.h; sourceTree = "<group>"; };
		E772DC3F155E4A00008A15B1 /* ActionSheetDatePicker.h */ = {isa = PBXFileReference; fileEncoding = 4; lastKnownFileType = sourcecode.c.h; path = ActionSheetDatePicker.h; sourceTree = "<group>"; };
		E772DC40155E4A00008A15B1 /* ActionSheetDatePicker.m */ = {isa = PBXFileReference; fileEncoding = 4; lastKnownFileType = sourcecode.c.objc; path = ActionSheetDatePicker.m; sourceTree = "<group>"; };
		E772DC41155E4A00008A15B1 /* ActionSheetDistancePicker.h */ = {isa = PBXFileReference; fileEncoding = 4; lastKnownFileType = sourcecode.c.h; path = ActionSheetDistancePicker.h; sourceTree = "<group>"; };
		E772DC42155E4A00008A15B1 /* ActionSheetDistancePicker.m */ = {isa = PBXFileReference; fileEncoding = 4; lastKnownFileType = sourcecode.c.objc; path = ActionSheetDistancePicker.m; sourceTree = "<group>"; };
		E772DC43155E4A00008A15B1 /* ActionSheetStringPicker.h */ = {isa = PBXFileReference; fileEncoding = 4; lastKnownFileType = sourcecode.c.h; path = ActionSheetStringPicker.h; sourceTree = "<group>"; };
		E772DC44155E4A00008A15B1 /* ActionSheetStringPicker.m */ = {isa = PBXFileReference; fileEncoding = 4; lastKnownFileType = sourcecode.c.objc; path = ActionSheetStringPicker.m; sourceTree = "<group>"; };
		E772DC45155E4A00008A15B1 /* DistancePickerView.h */ = {isa = PBXFileReference; fileEncoding = 4; lastKnownFileType = sourcecode.c.h; path = DistancePickerView.h; sourceTree = "<group>"; };
		E772DC46155E4A00008A15B1 /* DistancePickerView.m */ = {isa = PBXFileReference; fileEncoding = 4; lastKnownFileType = sourcecode.c.objc; path = DistancePickerView.m; sourceTree = "<group>"; };
		E772DC48155E4A00008A15B1 /* BWLongTextViewController.h */ = {isa = PBXFileReference; fileEncoding = 4; lastKnownFileType = sourcecode.c.h; path = BWLongTextViewController.h; sourceTree = "<group>"; };
		E772DC49155E4A00008A15B1 /* BWLongTextViewController.m */ = {isa = PBXFileReference; fileEncoding = 4; lastKnownFileType = sourcecode.c.objc; path = BWLongTextViewController.m; sourceTree = "<group>"; };
		E7BCB77D14BE2BEE00A9C715 /* FormMappingExample.app */ = {isa = PBXFileReference; explicitFileType = wrapper.application; includeInIndex = 0; path = FormMappingExample.app; sourceTree = BUILT_PRODUCTS_DIR; };
		E7BCB78114BE2BEE00A9C715 /* UIKit.framework */ = {isa = PBXFileReference; lastKnownFileType = wrapper.framework; name = UIKit.framework; path = System/Library/Frameworks/UIKit.framework; sourceTree = SDKROOT; };
		E7BCB78314BE2BEE00A9C715 /* Foundation.framework */ = {isa = PBXFileReference; lastKnownFileType = wrapper.framework; name = Foundation.framework; path = System/Library/Frameworks/Foundation.framework; sourceTree = SDKROOT; };
		E7BCB78514BE2BEE00A9C715 /* CoreGraphics.framework */ = {isa = PBXFileReference; lastKnownFileType = wrapper.framework; name = CoreGraphics.framework; path = System/Library/Frameworks/CoreGraphics.framework; sourceTree = SDKROOT; };
		E7BCB78914BE2BEE00A9C715 /* FormMappingExample-Info.plist */ = {isa = PBXFileReference; lastKnownFileType = text.plist.xml; path = "FormMappingExample-Info.plist"; sourceTree = "<group>"; };
		E7BCB78B14BE2BEE00A9C715 /* en */ = {isa = PBXFileReference; lastKnownFileType = text.plist.strings; name = en; path = en.lproj/InfoPlist.strings; sourceTree = "<group>"; };
		E7BCB78D14BE2BEE00A9C715 /* main.m */ = {isa = PBXFileReference; lastKnownFileType = sourcecode.c.objc; path = main.m; sourceTree = "<group>"; };
		E7BCB78F14BE2BEE00A9C715 /* FormMappingExample-Prefix.pch */ = {isa = PBXFileReference; lastKnownFileType = sourcecode.c.h; path = "FormMappingExample-Prefix.pch"; sourceTree = "<group>"; };
		E7BCB79014BE2BEE00A9C715 /* AppDelegate.h */ = {isa = PBXFileReference; lastKnownFileType = sourcecode.c.h; path = AppDelegate.h; sourceTree = "<group>"; };
		E7BCB79114BE2BEE00A9C715 /* AppDelegate.m */ = {isa = PBXFileReference; lastKnownFileType = sourcecode.c.objc; path = AppDelegate.m; sourceTree = "<group>"; };
		E7BCB79814BE2C1B00A9C715 /* FormTableViewExampleController.h */ = {isa = PBXFileReference; fileEncoding = 4; lastKnownFileType = sourcecode.c.h; path = FormTableViewExampleController.h; sourceTree = "<group>"; };
		E7BCB79914BE2C1B00A9C715 /* FormTableViewExampleController.m */ = {isa = PBXFileReference; fileEncoding = 4; lastKnownFileType = sourcecode.c.objc; path = FormTableViewExampleController.m; sourceTree = "<group>"; };
/* End PBXFileReference section */

/* Begin PBXFrameworksBuildPhase section */
		E7BCB77A14BE2BEE00A9C715 /* Frameworks */ = {
			isa = PBXFrameworksBuildPhase;
			buildActionMask = 2147483647;
			files = (
				E70F3246151F53EA00654199 /* QuartzCore.framework in Frameworks */,
				E7BCB78214BE2BEE00A9C715 /* UIKit.framework in Frameworks */,
				E7BCB78414BE2BEE00A9C715 /* Foundation.framework in Frameworks */,
				E7BCB78614BE2BEE00A9C715 /* CoreGraphics.framework in Frameworks */,
			);
			runOnlyForDeploymentPostprocessing = 0;
		};
/* End PBXFrameworksBuildPhase section */

/* Begin PBXGroup section */
		E72E438D159608810064A898 /* BWSelectViewController */ = {
			isa = PBXGroup;
			children = (
				E72E438E159608810064A898 /* BWSelectViewController.h */,
				E72E438F159608810064A898 /* BWSelectViewController.m */,
			);
			path = BWSelectViewController;
			sourceTree = "<group>";
		};
		E772DBAA155E49F3008A15B1 /* Core */ = {
			isa = PBXGroup;
			children = (
				E772DBAB155E49F3008A15B1 /* BaseKitCore.h */,
				E772DBAC155E49F3008A15B1 /* BaseKitCoreAdditions.h */,
				E772DBAD155E49F3008A15B1 /* BKBlocks.h */,
				E772DBAE155E49F3008A15B1 /* BKDeviceAvailability.h */,
				E772DBAF155E49F3008A15B1 /* BKDeviceAvailability.m */,
				E772DBB0155E49F3008A15B1 /* BKIteratingHelper.h */,
				E772DBB1155E49F3008A15B1 /* BKIteratingHelper.m */,
				E772DBB2155E49F3008A15B1 /* BKMacrosDefinitions.h */,
				E772DBB3155E49F3008A15B1 /* BKOperationHelper.h */,
				E772DBB4155E49F3008A15B1 /* BKOperationHelper.m */,
				E772DBB5155E49F3008A15B1 /* BKRunBlockAtDealloc.h */,
				E772DBB6155E49F3008A15B1 /* BKRunBlockAtDealloc.m */,
				E772DBB7155E49F3008A15B1 /* BKToogleValue.h */,
				E772DBB8155E49F3008A15B1 /* BKToogleValue.m */,
				E772DBB9155E49F3008A15B1 /* BKUtils.h */,
				E772DBBA155E49F3008A15B1 /* BKUtils.m */,
				E772DBBC155E49F3008A15B1 /* NSArray+BaseKit.h */,
				E772DBBD155E49F3008A15B1 /* NSArray+BaseKit.m */,
				E772DBBE155E49F3008A15B1 /* NSDictionary+BaseKit.h */,
				E772DBBF155E49F3008A15B1 /* NSDictionary+BaseKit.m */,
				E772DBC2155E49F3008A15B1 /* NSMutableArray+BaseKit.h */,
				E772DBC3155E49F3008A15B1 /* NSMutableArray+BaseKit.m */,
				E772DBC4155E49F3008A15B1 /* NSMutableDictionary+BaseKit.h */,
				E772DBC5155E49F3008A15B1 /* NSMutableDictionary+BaseKit.m */,
				E772DBC6155E49F3008A15B1 /* NSOperationQueue+BaseKit.h */,
				E772DBC7155E49F3008A15B1 /* NSOperationQueue+BaseKit.m */,
				E772DBC8155E49F3008A15B1 /* NSSet+BaseKit.h */,
				E772DBC9155E49F3008A15B1 /* NSSet+BaseKit.m */,
				E772DBCA155E49F3008A15B1 /* NSString+BaseKit.h */,
				E772DBCB155E49F3008A15B1 /* NSString+BaseKit.m */,
			);
			name = Core;
			path = ../../Code/Core;
			sourceTree = "<group>";
		};
		E772DBCC155E49F3008A15B1 /* FormField */ = {
			isa = PBXGroup;
			children = (
				E772DBCD155E49F3008A15B1 /* BaseKitFormField.h */,
				E772DBCE155E49F3008A15B1 /* BKBadgeField.h */,
				E772DBCF155E49F3008A15B1 /* BKBadgeField.m */,
				E772DBD0155E49F3008A15B1 /* BKBigTextField.h */,
				E772DBD1155E49F3008A15B1 /* BKBigTextField.m */,
				E772DBD2155E49F3008A15B1 /* BKButtonField.h */,
				E772DBD3155E49F3008A15B1 /* BKButtonField.m */,
				E772DBD4155E49F3008A15B1 /* BKFloatField.h */,
				E772DBD5155E49F3008A15B1 /* BKFloatField.m */,
				E772DBD6155E49F3008A15B1 /* BKFormFieldBlocks.h */,
				E772DBD7155E49F3008A15B1 /* BKImageField.h */,
				E772DBD8155E49F3008A15B1 /* BKImageField.m */,
				E772DBD9155E49F3008A15B1 /* BKIntegerField.h */,
				E772DBDA155E49F3008A15B1 /* BKIntegerField.m */,
				E772DBDB155E49F3008A15B1 /* BKLabelField.h */,
				E772DBDC155E49F3008A15B1 /* BKLabelField.m */,
				E772DBDD155E49F3008A15B1 /* BKPasswordTextField.h */,
				E772DBDE155E49F3008A15B1 /* BKPasswordTextField.m */,
				E772DBDF155E49F3008A15B1 /* BKSaveButtonField.h */,
				E772DBE0155E49F3008A15B1 /* BKSaveButtonField.m */,
				E772DBE1155E49F3008A15B1 /* BKSimpleField.h */,
				E772DBE2155E49F3008A15B1 /* BKSimpleField.m */,
				E772DBE3155E49F3008A15B1 /* BKSliderField.h */,
				E772DBE4155E49F3008A15B1 /* BKSliderField.m */,
				E772DBE5155E49F3008A15B1 /* BKSwitchField.h */,
				E772DBE6155E49F3008A15B1 /* BKSwitchField.m */,
				E772DBE7155E49F3008A15B1 /* BKTextField.h */,
				E772DBE8155E49F3008A15B1 /* BKTextField.m */,
				E772DBE9155E49F3008A15B1 /* BKTextViewField.h */,
				E772DBEA155E49F3008A15B1 /* BKTextViewField.m */,
				E772DBEB155E49F3008A15B1 /* BKValueViewField.h */,
				E772DBEC155E49F3008A15B1 /* BKValueViewField.m */,
			);
			name = FormField;
			path = ../../Code/FormField;
			sourceTree = "<group>";
		};
		E772DBED155E49F3008A15B1 /* FormMapping */ = {
			isa = PBXGroup;
			children = (
				E772DBEE155E49F3008A15B1 /* BaseKitFormModel.h */,
				E772DBEF155E49F3008A15B1 /* BKFormAttributeMapping.h */,
				E772DBF0155E49F3008A15B1 /* BKFormAttributeMapping.m */,
				E772DBF1155E49F3008A15B1 /* BKFormMapper.h */,
				E772DBF2155E49F3008A15B1 /* BKFormMapper.m */,
				E772DBF3155E49F3008A15B1 /* BKFormMapping.h */,
				E772DBF4155E49F3008A15B1 /* BKFormMapping.m */,
				E772DBF5155E49F3008A15B1 /* BKFormMappingBlocks.h */,
				E772DBF6155E49F3008A15B1 /* BKFormModel.h */,
				E772DBF7155E49F3008A15B1 /* BKFormModel.m */,
				E772DBF8155E49F3008A15B1 /* NSObject+BKFormAttributeMapping.h */,
				E772DBF9155E49F3008A15B1 /* NSObject+BKFormAttributeMapping.m */,
				E7068759158DEC1500E1164A /* BKFormSectionObject.h */,
				E706875A158DEC1500E1164A /* BKFormSectionObject.m */,
			);
			name = FormMapping;
			path = ../../Code/FormMapping;
			sourceTree = "<group>";
		};
		E772DBFA155E49F3008A15B1 /* View */ = {
			isa = PBXGroup;
			children = (
				E772DBFB155E49F3008A15B1 /* BaseKitView.h */,
				E772DBFC155E49F3008A15B1 /* BaseKitViewAdditions.h */,
				E772DBFD155E49F3008A15B1 /* BKViewBlocks.h */,
				E772DBFE155E49F3008A15B1 /* BKViewControllerDelegate.h */,
				E772DBFF155E49F3008A15B1 /* deps */,
				E772DC00155E49F3008A15B1 /* UIBarButtonItem+BaseKit.h */,
				E772DC01155E49F3008A15B1 /* UIBarButtonItem+BaseKit.m */,
				E772DC02155E49F3008A15B1 /* UINavigationController+BaseKit.h */,
				E772DC03155E49F3008A15B1 /* UINavigationController+BaseKit.m */,
				E772DC04155E49F3008A15B1 /* UITableView+BaseKit.h */,
				E772DC05155E49F3008A15B1 /* UITableView+BaseKit.m */,
				E772DC06155E49F3008A15B1 /* UITableViewCell+BaseKit.h */,
				E772DC07155E49F3008A15B1 /* UITableViewCell+BaseKit.m */,
				E772DC08155E49F3008A15B1 /* UIView+BaseKit.h */,
				E772DC09155E49F3008A15B1 /* UIView+BaseKit.m */,
				E772DC0A155E49F3008A15B1 /* UIView+Debug.h */,
				E772DC0B155E49F3008A15B1 /* UIView+Debug.m */,
				E772DC0C155E49F3008A15B1 /* UIViewController+BaseKit.h */,
				E772DC0D155E49F3008A15B1 /* UIViewController+BaseKit.m */,
			);
			name = View;
			path = ../../Code/View;
			sourceTree = "<group>";
		};
		E772DC39155E4A00008A15B1 /* ActionSheetPicker */ = {
			isa = PBXGroup;
			children = (
				E772DC3A155E4A00008A15B1 /* AbstractActionSheetPicker.h */,
				E772DC3B155E4A00008A15B1 /* AbstractActionSheetPicker.m */,
				E772DC3C155E4A00008A15B1 /* ActionSheetCustomPicker.h */,
				E772DC3D155E4A00008A15B1 /* ActionSheetCustomPicker.m */,
				E772DC3E155E4A00008A15B1 /* ActionSheetCustomPickerDelegate.h */,
				E772DC3F155E4A00008A15B1 /* ActionSheetDatePicker.h */,
				E772DC40155E4A00008A15B1 /* ActionSheetDatePicker.m */,
				E772DC41155E4A00008A15B1 /* ActionSheetDistancePicker.h */,
				E772DC42155E4A00008A15B1 /* ActionSheetDistancePicker.m */,
				E772DC43155E4A00008A15B1 /* ActionSheetStringPicker.h */,
				E772DC44155E4A00008A15B1 /* ActionSheetStringPicker.m */,
				E772DC45155E4A00008A15B1 /* DistancePickerView.h */,
				E772DC46155E4A00008A15B1 /* DistancePickerView.m */,
			);
			path = ActionSheetPicker;
			sourceTree = "<group>";
		};
		E772DC47155E4A00008A15B1 /* BWLongTextViewController */ = {
			isa = PBXGroup;
			children = (
				E772DC48155E4A00008A15B1 /* BWLongTextViewController.h */,
				E772DC49155E4A00008A15B1 /* BWLongTextViewController.m */,
			);
			path = BWLongTextViewController;
			sourceTree = "<group>";
		};
		E79F9B34151CBD1000D93014 /* Vendor */ = {
			isa = PBXGroup;
			children = (
				E72E438D159608810064A898 /* BWSelectViewController */,
				E772DC39155E4A00008A15B1 /* ActionSheetPicker */,
				E772DC47155E4A00008A15B1 /* BWLongTextViewController */,
			);
			name = Vendor;
			path = ../../Vendor;
			sourceTree = "<group>";
		};
		E7BCB77214BE2BEE00A9C715 = {
			isa = PBXGroup;
			children = (
				E772DBAA155E49F3008A15B1 /* Core */,
				E772DBCC155E49F3008A15B1 /* FormField */,
				E772DBED155E49F3008A15B1 /* FormMapping */,
				E772DBFA155E49F3008A15B1 /* View */,
				E79F9B34151CBD1000D93014 /* Vendor */,
				E7BCB78714BE2BEE00A9C715 /* FormMappingExample */,
				E7BCB78014BE2BEE00A9C715 /* Frameworks */,
				E7BCB77E14BE2BEE00A9C715 /* Products */,
			);
			sourceTree = "<group>";
		};
		E7BCB77E14BE2BEE00A9C715 /* Products */ = {
			isa = PBXGroup;
			children = (
				E7BCB77D14BE2BEE00A9C715 /* FormMappingExample.app */,
			);
			name = Products;
			sourceTree = "<group>";
		};
		E7BCB78014BE2BEE00A9C715 /* Frameworks */ = {
			isa = PBXGroup;
			children = (
				E70F3245151F53EA00654199 /* QuartzCore.framework */,
				E7BCB78114BE2BEE00A9C715 /* UIKit.framework */,
				E7BCB78314BE2BEE00A9C715 /* Foundation.framework */,
				E7BCB78514BE2BEE00A9C715 /* CoreGraphics.framework */,
			);
			name = Frameworks;
			sourceTree = "<group>";
		};
		E7BCB78714BE2BEE00A9C715 /* FormMappingExample */ = {
			isa = PBXGroup;
			children = (
				E7BCB79014BE2BEE00A9C715 /* AppDelegate.h */,
				E7BCB79114BE2BEE00A9C715 /* AppDelegate.m */,
				E7BCB78814BE2BEE00A9C715 /* Supporting Files */,
				E7BCB79814BE2C1B00A9C715 /* FormTableViewExampleController.h */,
				E7BCB79914BE2C1B00A9C715 /* FormTableViewExampleController.m */,
				E75C1D0E14FEAC13009DBDCA /* Movie.h */,
				E75C1D0F14FEAC13009DBDCA /* Movie.m */,
				E75C1D1114FEAC48009DBDCA /* Comment.h */,
				E75C1D1214FEAC48009DBDCA /* Comment.m */,
				E75C1D1414FEAC4F009DBDCA /* Genre.h */,
				E75C1D1514FEAC4F009DBDCA /* Genre.m */,
			);
			path = FormMappingExample;
			sourceTree = "<group>";
		};
		E7BCB78814BE2BEE00A9C715 /* Supporting Files */ = {
			isa = PBXGroup;
			children = (
				E7BCB78914BE2BEE00A9C715 /* FormMappingExample-Info.plist */,
				E7BCB78A14BE2BEE00A9C715 /* InfoPlist.strings */,
				E7BCB78D14BE2BEE00A9C715 /* main.m */,
				E7BCB78F14BE2BEE00A9C715 /* FormMappingExample-Prefix.pch */,
			);
			name = "Supporting Files";
			sourceTree = "<group>";
		};
/* End PBXGroup section */

/* Begin PBXNativeTarget section */
		E7BCB77C14BE2BEE00A9C715 /* FormMappingExample */ = {
			isa = PBXNativeTarget;
			buildConfigurationList = E7BCB79514BE2BEE00A9C715 /* Build configuration list for PBXNativeTarget "FormMappingExample" */;
			buildPhases = (
				E7BCB77914BE2BEE00A9C715 /* Sources */,
				E7BCB77A14BE2BEE00A9C715 /* Frameworks */,
				E7BCB77B14BE2BEE00A9C715 /* Resources */,
			);
			buildRules = (
			);
			dependencies = (
			);
			name = FormMappingExample;
			productName = FormMappingExample;
			productReference = E7BCB77D14BE2BEE00A9C715 /* FormMappingExample.app */;
			productType = "com.apple.product-type.application";
		};
/* End PBXNativeTarget section */

/* Begin PBXProject section */
		E7BCB77414BE2BEE00A9C715 /* Project object */ = {
			isa = PBXProject;
			attributes = {
				LastUpgradeCheck = 0430;
			};
			buildConfigurationList = E7BCB77714BE2BEE00A9C715 /* Build configuration list for PBXProject "FormMappingExample" */;
			compatibilityVersion = "Xcode 3.2";
			developmentRegion = English;
			hasScannedForEncodings = 0;
			knownRegions = (
				en,
			);
			mainGroup = E7BCB77214BE2BEE00A9C715;
			productRefGroup = E7BCB77E14BE2BEE00A9C715 /* Products */;
			projectDirPath = "";
			projectRoot = "";
			targets = (
				E7BCB77C14BE2BEE00A9C715 /* FormMappingExample */,
			);
		};
/* End PBXProject section */

/* Begin PBXResourcesBuildPhase section */
		E7BCB77B14BE2BEE00A9C715 /* Resources */ = {
			isa = PBXResourcesBuildPhase;
			buildActionMask = 2147483647;
			files = (
				E7BCB78C14BE2BEE00A9C715 /* InfoPlist.strings in Resources */,
				E772DC31155E49F3008A15B1 /* deps in Resources */,
			);
			runOnlyForDeploymentPostprocessing = 0;
		};
/* End PBXResourcesBuildPhase section */

/* Begin PBXSourcesBuildPhase section */
		E7BCB77914BE2BEE00A9C715 /* Sources */ = {
			isa = PBXSourcesBuildPhase;
			buildActionMask = 2147483647;
			files = (
				E7BCB78E14BE2BEE00A9C715 /* main.m in Sources */,
				E7BCB79214BE2BEE00A9C715 /* AppDelegate.m in Sources */,
				E7BCB79A14BE2C1B00A9C715 /* FormTableViewExampleController.m in Sources */,
				E75C1D1014FEAC13009DBDCA /* Movie.m in Sources */,
				E75C1D1314FEAC48009DBDCA /* Comment.m in Sources */,
				E75C1D1614FEAC4F009DBDCA /* Genre.m in Sources */,
				E772DC0E155E49F3008A15B1 /* BKDeviceAvailability.m in Sources */,
				E772DC0F155E49F3008A15B1 /* BKIteratingHelper.m in Sources */,
				E772DC10155E49F3008A15B1 /* BKOperationHelper.m in Sources */,
				E772DC11155E49F3008A15B1 /* BKRunBlockAtDealloc.m in Sources */,
				E772DC12155E49F3008A15B1 /* BKToogleValue.m in Sources */,
				E772DC13155E49F3008A15B1 /* BKUtils.m in Sources */,
				E772DC15155E49F3008A15B1 /* NSArray+BaseKit.m in Sources */,
				E772DC16155E49F3008A15B1 /* NSDictionary+BaseKit.m in Sources */,
				E772DC18155E49F3008A15B1 /* NSMutableArray+BaseKit.m in Sources */,
				E772DC19155E49F3008A15B1 /* NSMutableDictionary+BaseKit.m in Sources */,
				E772DC1A155E49F3008A15B1 /* NSOperationQueue+BaseKit.m in Sources */,
				E772DC1B155E49F3008A15B1 /* NSSet+BaseKit.m in Sources */,
				E772DC1C155E49F3008A15B1 /* NSString+BaseKit.m in Sources */,
				E772DC1D155E49F3008A15B1 /* BKBadgeField.m in Sources */,
				E772DC1E155E49F3008A15B1 /* BKBigTextField.m in Sources */,
				E772DC1F155E49F3008A15B1 /* BKButtonField.m in Sources */,
				E772DC20155E49F3008A15B1 /* BKFloatField.m in Sources */,
				E772DC21155E49F3008A15B1 /* BKImageField.m in Sources */,
				E772DC22155E49F3008A15B1 /* BKIntegerField.m in Sources */,
				E772DC23155E49F3008A15B1 /* BKLabelField.m in Sources */,
				E772DC24155E49F3008A15B1 /* BKPasswordTextField.m in Sources */,
				E772DC25155E49F3008A15B1 /* BKSaveButtonField.m in Sources */,
				E772DC26155E49F3008A15B1 /* BKSimpleField.m in Sources */,
				E772DC27155E49F3008A15B1 /* BKSliderField.m in Sources */,
				E772DC28155E49F3008A15B1 /* BKSwitchField.m in Sources */,
				E772DC29155E49F3008A15B1 /* BKTextField.m in Sources */,
				E772DC2A155E49F3008A15B1 /* BKTextViewField.m in Sources */,
				E772DC2B155E49F3008A15B1 /* BKValueViewField.m in Sources */,
				E772DC2C155E49F3008A15B1 /* BKFormAttributeMapping.m in Sources */,
				E772DC2D155E49F3008A15B1 /* BKFormMapper.m in Sources */,
				E772DC2E155E49F3008A15B1 /* BKFormMapping.m in Sources */,
				E772DC2F155E49F3008A15B1 /* BKFormModel.m in Sources */,
				E772DC30155E49F3008A15B1 /* NSObject+BKFormAttributeMapping.m in Sources */,
				E772DC32155E49F3008A15B1 /* UIBarButtonItem+BaseKit.m in Sources */,
				E772DC33155E49F3008A15B1 /* UINavigationController+BaseKit.m in Sources */,
				E772DC34155E49F3008A15B1 /* UITableView+BaseKit.m in Sources */,
				E772DC35155E49F3008A15B1 /* UITableViewCell+BaseKit.m in Sources */,
				E772DC36155E49F3008A15B1 /* UIView+BaseKit.m in Sources */,
				E772DC37155E49F3008A15B1 /* UIView+Debug.m in Sources */,
				E772DC38155E49F3008A15B1 /* UIViewController+BaseKit.m in Sources */,
				E772DC4A155E4A00008A15B1 /* AbstractActionSheetPicker.m in Sources */,
				E772DC4B155E4A00008A15B1 /* ActionSheetCustomPicker.m in Sources */,
				E772DC4C155E4A00008A15B1 /* ActionSheetDatePicker.m in Sources */,
				E772DC4D155E4A00008A15B1 /* ActionSheetDistancePicker.m in Sources */,
				E772DC4E155E4A00008A15B1 /* ActionSheetStringPicker.m in Sources */,
				E772DC4F155E4A00008A15B1 /* DistancePickerView.m in Sources */,
				E772DC50155E4A00008A15B1 /* BWLongTextViewController.m in Sources */,
				E706875B158DEC1500E1164A /* BKFormSectionObject.m in Sources */,
				E72E4390159608810064A898 /* BWSelectViewController.m in Sources */,
			);
			runOnlyForDeploymentPostprocessing = 0;
		};
/* End PBXSourcesBuildPhase section */

/* Begin PBXVariantGroup section */
		E7BCB78A14BE2BEE00A9C715 /* InfoPlist.strings */ = {
			isa = PBXVariantGroup;
			children = (
				E7BCB78B14BE2BEE00A9C715 /* en */,
			);
			name = InfoPlist.strings;
			sourceTree = "<group>";
		};
/* End PBXVariantGroup section */

/* Begin XCBuildConfiguration section */
		E7BCB79314BE2BEE00A9C715 /* Debug */ = {
			isa = XCBuildConfiguration;
			buildSettings = {
				ALWAYS_SEARCH_USER_PATHS = NO;
				ARCHS = "$(ARCHS_STANDARD_32_BIT)";
				"CODE_SIGN_IDENTITY[sdk=iphoneos*]" = "iPhone Developer";
				COPY_PHASE_STRIP = NO;
				GCC_C_LANGUAGE_STANDARD = gnu99;
				GCC_DYNAMIC_NO_PIC = NO;
				GCC_OPTIMIZATION_LEVEL = 0;
				GCC_PREPROCESSOR_DEFINITIONS = (
					"DEBUG=1",
					"$(inherited)",
				);
				GCC_SYMBOLS_PRIVATE_EXTERN = NO;
				GCC_VERSION = com.apple.compilers.llvm.clang.1_0;
				GCC_WARN_ABOUT_MISSING_PROTOTYPES = YES;
				GCC_WARN_ABOUT_RETURN_TYPE = YES;
				GCC_WARN_UNUSED_VARIABLE = YES;
				IPHONEOS_DEPLOYMENT_TARGET = 5.0;
				SDKROOT = iphoneos;
				TARGETED_DEVICE_FAMILY = "1,2";
			};
			name = Debug;
		};
		E7BCB79414BE2BEE00A9C715 /* Release */ = {
			isa = XCBuildConfiguration;
			buildSettings = {
				ALWAYS_SEARCH_USER_PATHS = NO;
				ARCHS = "$(ARCHS_STANDARD_32_BIT)";
				"CODE_SIGN_IDENTITY[sdk=iphoneos*]" = "iPhone Developer";
				COPY_PHASE_STRIP = YES;
				GCC_C_LANGUAGE_STANDARD = gnu99;
				GCC_VERSION = com.apple.compilers.llvm.clang.1_0;
				GCC_WARN_ABOUT_MISSING_PROTOTYPES = YES;
				GCC_WARN_ABOUT_RETURN_TYPE = YES;
				GCC_WARN_UNUSED_VARIABLE = YES;
				IPHONEOS_DEPLOYMENT_TARGET = 5.0;
				OTHER_CFLAGS = "-DNS_BLOCK_ASSERTIONS=1";
				SDKROOT = iphoneos;
				TARGETED_DEVICE_FAMILY = "1,2";
				VALIDATE_PRODUCT = YES;
			};
			name = Release;
		};
		E7BCB79614BE2BEE00A9C715 /* Debug */ = {
			isa = XCBuildConfiguration;
			buildSettings = {
				CLANG_ENABLE_OBJC_ARC = YES;
				GCC_PRECOMPILE_PREFIX_HEADER = YES;
				GCC_PREFIX_HEADER = "FormMappingExample/FormMappingExample-Prefix.pch";
				INFOPLIST_FILE = "FormMappingExample/FormMappingExample-Info.plist";
				PRODUCT_NAME = "$(TARGET_NAME)";
				WRAPPER_EXTENSION = app;
			};
			name = Debug;
		};
		E7BCB79714BE2BEE00A9C715 /* Release */ = {
			isa = XCBuildConfiguration;
			buildSettings = {
				CLANG_ENABLE_OBJC_ARC = YES;
				GCC_PRECOMPILE_PREFIX_HEADER = YES;
				GCC_PREFIX_HEADER = "FormMappingExample/FormMappingExample-Prefix.pch";
				INFOPLIST_FILE = "FormMappingExample/FormMappingExample-Info.plist";
				PRODUCT_NAME = "$(TARGET_NAME)";
				WRAPPER_EXTENSION = app;
			};
			name = Release;
		};
/* End XCBuildConfiguration section */

/* Begin XCConfigurationList section */
		E7BCB77714BE2BEE00A9C715 /* Build configuration list for PBXProject "FormMappingExample" */ = {
			isa = XCConfigurationList;
			buildConfigurations = (
				E7BCB79314BE2BEE00A9C715 /* Debug */,
				E7BCB79414BE2BEE00A9C715 /* Release */,
			);
			defaultConfigurationIsVisible = 0;
			defaultConfigurationName = Release;
		};
		E7BCB79514BE2BEE00A9C715 /* Build configuration list for PBXNativeTarget "FormMappingExample" */ = {
			isa = XCConfigurationList;
			buildConfigurations = (
				E7BCB79614BE2BEE00A9C715 /* Debug */,
				E7BCB79714BE2BEE00A9C715 /* Release */,
			);
			defaultConfigurationIsVisible = 0;
			defaultConfigurationName = Release;
		};
/* End XCConfigurationList section */
	};
	rootObject = E7BCB77414BE2BEE00A9C715 /* Project object */;
}
